
Microsoft Visual Studio Solution File, Format Version 12.00
# Visual Studio Version 17
VisualStudioVersion = 17.8.34525.116
MinimumVisualStudioVersion = 10.0.40219.1
Project("{9A19103F-16F7-4668-BE54-9A1E7A4F7556}") = "MiniBooker", "MiniBooker\MiniBooker.csproj", "{A8A90659-E7A6-4439-ABEC-38343AC966CD}"
EndProject
Global
	GlobalSection(SolutionConfigurationPlatforms) = preSolution
		Debug|Any CPU = Debug|Any CPU
		Release|Any CPU = Release|Any CPU
	EndGlobalSection
	GlobalSection(ProjectConfigurationPlatforms) = postSolution
		{A8A90659-E7A6-4439-ABEC-38343AC966CD}.Debug|Any CPU.ActiveCfg = Debug|Any CPU
		{A8A90659-E7A6-4439-ABEC-38343AC966CD}.Debug|Any CPU.Build.0 = Debug|Any CPU
		{A8A90659-E7A6-4439-ABEC-38343AC966CD}.Release|Any CPU.ActiveCfg = Release|Any CPU
		{A8A90659-E7A6-4439-ABEC-38343AC966CD}.Release|Any CPU.Build.0 = Release|Any CPU
	EndGlobalSection
	GlobalSection(SolutionProperties) = preSolution
		HideSolutionNode = FALSE
	EndGlobalSection
	GlobalSection(ExtensibilityGlobals) = postSolution
		SolutionGuid = {563E5122-CDAE-4261-A2C7-F7B4D2BAB4F0}
	EndGlobalSection
EndGlobal
